// !$*UTF8*$!
{
	archiveVersion = 1;
	classes = {
	};
	objectVersion = 46;
	objects = {

/* Begin PBXBuildFile section */
		212BA58F1CFA977100874DAB /* Main.storyboard in Resources */ = {isa = PBXBuildFile; fileRef = 212BA58E1CFA977100874DAB /* Main.storyboard */; };
		21A1D2591C952C0A00C39A83 /* tyekkuari.png in Resources */ = {isa = PBXBuildFile; fileRef = 21A1D2571C952C0A00C39A83 /* tyekkuari.png */; };
		21A1D25A1C952C0A00C39A83 /* tyekkunasi.png in Resources */ = {isa = PBXBuildFile; fileRef = 21A1D2581C952C0A00C39A83 /* tyekkunasi.png */; };
		21B6942F1C1D16A50091EBFA /* AppDelegate.swift in Sources */ = {isa = PBXBuildFile; fileRef = 21B6942E1C1D16A50091EBFA /* AppDelegate.swift */; };
		21B694311C1D16A50091EBFA /* YoubiViewController.swift in Sources */ = {isa = PBXBuildFile; fileRef = 21B694301C1D16A50091EBFA /* YoubiViewController.swift */; };
		21B694361C1D16A50091EBFA /* Assets.xcassets in Resources */ = {isa = PBXBuildFile; fileRef = 21B694351C1D16A50091EBFA /* Assets.xcassets */; };
		21B694391C1D16A50091EBFA /* LaunchScreen.storyboard in Resources */ = {isa = PBXBuildFile; fileRef = 21B694371C1D16A50091EBFA /* LaunchScreen.storyboard */; };
		21B694441C1D16A50091EBFA /* KeikakuTests.swift in Sources */ = {isa = PBXBuildFile; fileRef = 21B694431C1D16A50091EBFA /* KeikakuTests.swift */; };
		21B6944F1C1D16A50091EBFA /* KeikakuUITests.swift in Sources */ = {isa = PBXBuildFile; fileRef = 21B6944E1C1D16A50091EBFA /* KeikakuUITests.swift */; };
		21D80A631C4B3B9700FD5742 /* TableViewController.swift in Sources */ = {isa = PBXBuildFile; fileRef = 21D80A621C4B3B9700FD5742 /* TableViewController.swift */; };
		21E3170C1CE86366007534D9 /* 図11.png in Resources */ = {isa = PBXBuildFile; fileRef = 21E3170B1CE86366007534D9 /* 図11.png */; };
		21F848081C5DAC2C0023E798 /* senntakuViewController.swift in Sources */ = {isa = PBXBuildFile; fileRef = 21F848071C5DAC2C0023E798 /* senntakuViewController.swift */; };
/* End PBXBuildFile section */

/* Begin PBXContainerItemProxy section */
		21B694401C1D16A50091EBFA /* PBXContainerItemProxy */ = {
			isa = PBXContainerItemProxy;
			containerPortal = 21B694231C1D16A50091EBFA /* Project object */;
			proxyType = 1;
			remoteGlobalIDString = 21B6942A1C1D16A50091EBFA;
			remoteInfo = Keikaku;
		};
		21B6944B1C1D16A50091EBFA /* PBXContainerItemProxy */ = {
			isa = PBXContainerItemProxy;
			containerPortal = 21B694231C1D16A50091EBFA /* Project object */;
			proxyType = 1;
			remoteGlobalIDString = 21B6942A1C1D16A50091EBFA;
			remoteInfo = Keikaku;
		};
/* End PBXContainerItemProxy section */

/* Begin PBXFileReference section */
		212BA58E1CFA977100874DAB /* Main.storyboard */ = {isa = PBXFileReference; fileEncoding = 4; lastKnownFileType = file.storyboard; path = Main.storyboard; sourceTree = "<group>"; };
		21A1D2571C952C0A00C39A83 /* tyekkuari.png */ = {isa = PBXFileReference; lastKnownFileType = image.png; path = tyekkuari.png; sourceTree = "<group>"; };
		21A1D2581C952C0A00C39A83 /* tyekkunasi.png */ = {isa = PBXFileReference; lastKnownFileType = image.png; path = tyekkunasi.png; sourceTree = "<group>"; };
		21B6942B1C1D16A50091EBFA /* Keikaku.app */ = {isa = PBXFileReference; explicitFileType = wrapper.application; includeInIndex = 0; path = Keikaku.app; sourceTree = BUILT_PRODUCTS_DIR; };
		21B6942E1C1D16A50091EBFA /* AppDelegate.swift */ = {isa = PBXFileReference; lastKnownFileType = sourcecode.swift; path = AppDelegate.swift; sourceTree = "<group>"; };
		21B694301C1D16A50091EBFA /* YoubiViewController.swift */ = {isa = PBXFileReference; lastKnownFileType = sourcecode.swift; path = YoubiViewController.swift; sourceTree = "<group>"; };
		21B694351C1D16A50091EBFA /* Assets.xcassets */ = {isa = PBXFileReference; lastKnownFileType = folder.assetcatalog; path = Assets.xcassets; sourceTree = "<group>"; };
		21B694381C1D16A50091EBFA /* Base */ = {isa = PBXFileReference; lastKnownFileType = file.storyboard; name = Base; path = Base.lproj/LaunchScreen.storyboard; sourceTree = "<group>"; };
		21B6943A1C1D16A50091EBFA /* Info.plist */ = {isa = PBXFileReference; lastKnownFileType = text.plist.xml; path = Info.plist; sourceTree = "<group>"; };
		21B6943F1C1D16A50091EBFA /* KeikakuTests.xctest */ = {isa = PBXFileReference; explicitFileType = wrapper.cfbundle; includeInIndex = 0; path = KeikakuTests.xctest; sourceTree = BUILT_PRODUCTS_DIR; };
		21B694431C1D16A50091EBFA /* KeikakuTests.swift */ = {isa = PBXFileReference; lastKnownFileType = sourcecode.swift; path = KeikakuTests.swift; sourceTree = "<group>"; };
		21B694451C1D16A50091EBFA /* Info.plist */ = {isa = PBXFileReference; lastKnownFileType = text.plist.xml; path = Info.plist; sourceTree = "<group>"; };
		21B6944A1C1D16A50091EBFA /* KeikakuUITests.xctest */ = {isa = PBXFileReference; explicitFileType = wrapper.cfbundle; includeInIndex = 0; path = KeikakuUITests.xctest; sourceTree = BUILT_PRODUCTS_DIR; };
		21B6944E1C1D16A50091EBFA /* KeikakuUITests.swift */ = {isa = PBXFileReference; lastKnownFileType = sourcecode.swift; path = KeikakuUITests.swift; sourceTree = "<group>"; };
		21B694501C1D16A50091EBFA /* Info.plist */ = {isa = PBXFileReference; lastKnownFileType = text.plist.xml; path = Info.plist; sourceTree = "<group>"; };
		21D80A621C4B3B9700FD5742 /* TableViewController.swift */ = {isa = PBXFileReference; fileEncoding = 4; lastKnownFileType = sourcecode.swift; path = TableViewController.swift; sourceTree = "<group>"; };
		21E3170B1CE86366007534D9 /* 図11.png */ = {isa = PBXFileReference; lastKnownFileType = image.png; path = "図11.png"; sourceTree = "<group>"; };
		21F848071C5DAC2C0023E798 /* senntakuViewController.swift */ = {isa = PBXFileReference; fileEncoding = 4; lastKnownFileType = sourcecode.swift; path = senntakuViewController.swift; sourceTree = "<group>"; };
/* End PBXFileReference section */

/* Begin PBXFrameworksBuildPhase section */
		21B694281C1D16A50091EBFA /* Frameworks */ = {
			isa = PBXFrameworksBuildPhase;
			buildActionMask = 2147483647;
			files = (
			);
			runOnlyForDeploymentPostprocessing = 0;
		};
		21B6943C1C1D16A50091EBFA /* Frameworks */ = {
			isa = PBXFrameworksBuildPhase;
			buildActionMask = 2147483647;
			files = (
			);
			runOnlyForDeploymentPostprocessing = 0;
		};
		21B694471C1D16A50091EBFA /* Frameworks */ = {
			isa = PBXFrameworksBuildPhase;
			buildActionMask = 2147483647;
			files = (
			);
			runOnlyForDeploymentPostprocessing = 0;
		};
/* End PBXFrameworksBuildPhase section */

/* Begin PBXGroup section */
		21B694221C1D16A50091EBFA = {
			isa = PBXGroup;
			children = (
				21B6942D1C1D16A50091EBFA /* Keikaku */,
				21B694421C1D16A50091EBFA /* KeikakuTests */,
				21B6944D1C1D16A50091EBFA /* KeikakuUITests */,
				21B6942C1C1D16A50091EBFA /* Products */,
			);
			sourceTree = "<group>";
		};
		21B6942C1C1D16A50091EBFA /* Products */ = {
			isa = PBXGroup;
			children = (
				21B6942B1C1D16A50091EBFA /* Keikaku.app */,
				21B6943F1C1D16A50091EBFA /* KeikakuTests.xctest */,
				21B6944A1C1D16A50091EBFA /* KeikakuUITests.xctest */,
			);
			name = Products;
			sourceTree = "<group>";
		};
		21B6942D1C1D16A50091EBFA /* Keikaku */ = {
			isa = PBXGroup;
			children = (
				21B6942E1C1D16A50091EBFA /* AppDelegate.swift */,
				21B694301C1D16A50091EBFA /* YoubiViewController.swift */,
				21D80A621C4B3B9700FD5742 /* TableViewController.swift */,
				21F848071C5DAC2C0023E798 /* senntakuViewController.swift */,
				212BA58E1CFA977100874DAB /* Main.storyboard */,
				21E3170B1CE86366007534D9 /* 図11.png */,
				21A1D2571C952C0A00C39A83 /* tyekkuari.png */,
				21A1D2581C952C0A00C39A83 /* tyekkunasi.png */,
				21B694351C1D16A50091EBFA /* Assets.xcassets */,
				21B6943A1C1D16A50091EBFA /* Info.plist */,
				21B694371C1D16A50091EBFA /* LaunchScreen.storyboard */,
			);
			path = Keikaku;
			sourceTree = "<group>";
		};
		21B694421C1D16A50091EBFA /* KeikakuTests */ = {
			isa = PBXGroup;
			children = (
				21B694431C1D16A50091EBFA /* KeikakuTests.swift */,
				21B694451C1D16A50091EBFA /* Info.plist */,
			);
			path = KeikakuTests;
			sourceTree = "<group>";
		};
		21B6944D1C1D16A50091EBFA /* KeikakuUITests */ = {
			isa = PBXGroup;
			children = (
				21B6944E1C1D16A50091EBFA /* KeikakuUITests.swift */,
				21B694501C1D16A50091EBFA /* Info.plist */,
			);
			path = KeikakuUITests;
			sourceTree = "<group>";
		};
/* End PBXGroup section */

/* Begin PBXNativeTarget section */
		21B6942A1C1D16A50091EBFA /* Keikaku */ = {
			isa = PBXNativeTarget;
			buildConfigurationList = 21B694531C1D16A50091EBFA /* Build configuration list for PBXNativeTarget "Keikaku" */;
			buildPhases = (
				21B694271C1D16A50091EBFA /* Sources */,
				21B694281C1D16A50091EBFA /* Frameworks */,
				21B694291C1D16A50091EBFA /* Resources */,
			);
			buildRules = (
			);
			dependencies = (
			);
			name = Keikaku;
			productName = Keikaku;
			productReference = 21B6942B1C1D16A50091EBFA /* Keikaku.app */;
			productType = "com.apple.product-type.application";
		};
		21B6943E1C1D16A50091EBFA /* KeikakuTests */ = {
			isa = PBXNativeTarget;
			buildConfigurationList = 21B694561C1D16A50091EBFA /* Build configuration list for PBXNativeTarget "KeikakuTests" */;
			buildPhases = (
				21B6943B1C1D16A50091EBFA /* Sources */,
				21B6943C1C1D16A50091EBFA /* Frameworks */,
				21B6943D1C1D16A50091EBFA /* Resources */,
			);
			buildRules = (
			);
			dependencies = (
				21B694411C1D16A50091EBFA /* PBXTargetDependency */,
			);
			name = KeikakuTests;
			productName = KeikakuTests;
			productReference = 21B6943F1C1D16A50091EBFA /* KeikakuTests.xctest */;
			productType = "com.apple.product-type.bundle.unit-test";
		};
		21B694491C1D16A50091EBFA /* KeikakuUITests */ = {
			isa = PBXNativeTarget;
			buildConfigurationList = 21B694591C1D16A50091EBFA /* Build configuration list for PBXNativeTarget "KeikakuUITests" */;
			buildPhases = (
				21B694461C1D16A50091EBFA /* Sources */,
				21B694471C1D16A50091EBFA /* Frameworks */,
				21B694481C1D16A50091EBFA /* Resources */,
			);
			buildRules = (
			);
			dependencies = (
				21B6944C1C1D16A50091EBFA /* PBXTargetDependency */,
			);
			name = KeikakuUITests;
			productName = KeikakuUITests;
			productReference = 21B6944A1C1D16A50091EBFA /* KeikakuUITests.xctest */;
			productType = "com.apple.product-type.bundle.ui-testing";
		};
/* End PBXNativeTarget section */

/* Begin PBXProject section */
		21B694231C1D16A50091EBFA /* Project object */ = {
			isa = PBXProject;
			attributes = {
				LastSwiftUpdateCheck = 0710;
				LastUpgradeCheck = 0710;
				ORGANIZATIONNAME = "篠田弥樹";
				TargetAttributes = {
					21B6942A1C1D16A50091EBFA = {
						CreatedOnToolsVersion = 7.1;
					};
					21B6943E1C1D16A50091EBFA = {
						CreatedOnToolsVersion = 7.1;
						TestTargetID = 21B6942A1C1D16A50091EBFA;
					};
					21B694491C1D16A50091EBFA = {
						CreatedOnToolsVersion = 7.1;
						TestTargetID = 21B6942A1C1D16A50091EBFA;
					};
				};
			};
			buildConfigurationList = 21B694261C1D16A50091EBFA /* Build configuration list for PBXProject "Keikaku" */;
			compatibilityVersion = "Xcode 3.2";
			developmentRegion = English;
			hasScannedForEncodings = 0;
			knownRegions = (
				en,
				Base,
			);
			mainGroup = 21B694221C1D16A50091EBFA;
			productRefGroup = 21B6942C1C1D16A50091EBFA /* Products */;
			projectDirPath = "";
			projectRoot = "";
			targets = (
				21B6942A1C1D16A50091EBFA /* Keikaku */,
				21B6943E1C1D16A50091EBFA /* KeikakuTests */,
				21B694491C1D16A50091EBFA /* KeikakuUITests */,
			);
		};
/* End PBXProject section */

/* Begin PBXResourcesBuildPhase section */
		21B694291C1D16A50091EBFA /* Resources */ = {
			isa = PBXResourcesBuildPhase;
			buildActionMask = 2147483647;
			files = (
				21B694391C1D16A50091EBFA /* LaunchScreen.storyboard in Resources */,
				21A1D2591C952C0A00C39A83 /* tyekkuari.png in Resources */,
				21B694361C1D16A50091EBFA /* Assets.xcassets in Resources */,
				212BA58F1CFA977100874DAB /* Main.storyboard in Resources */,
				21A1D25A1C952C0A00C39A83 /* tyekkunasi.png in Resources */,
				21E3170C1CE86366007534D9 /* 図11.png in Resources */,
			);
			runOnlyForDeploymentPostprocessing = 0;
		};
		21B6943D1C1D16A50091EBFA /* Resources */ = {
			isa = PBXResourcesBuildPhase;
			buildActionMask = 2147483647;
			files = (
			);
			runOnlyForDeploymentPostprocessing = 0;
		};
		21B694481C1D16A50091EBFA /* Resources */ = {
			isa = PBXResourcesBuildPhase;
			buildActionMask = 2147483647;
			files = (
			);
			runOnlyForDeploymentPostprocessing = 0;
		};
/* End PBXResourcesBuildPhase section */

/* Begin PBXSourcesBuildPhase section */
		21B694271C1D16A50091EBFA /* Sources */ = {
			isa = PBXSourcesBuildPhase;
			buildActionMask = 2147483647;
			files = (
				21B694311C1D16A50091EBFA /* YoubiViewController.swift in Sources */,
				21D80A631C4B3B9700FD5742 /* TableViewController.swift in Sources */,
				21B6942F1C1D16A50091EBFA /* AppDelegate.swift in Sources */,
				21F848081C5DAC2C0023E798 /* senntakuViewController.swift in Sources */,
			);
			runOnlyForDeploymentPostprocessing = 0;
		};
		21B6943B1C1D16A50091EBFA /* Sources */ = {
			isa = PBXSourcesBuildPhase;
			buildActionMask = 2147483647;
			files = (
				21B694441C1D16A50091EBFA /* KeikakuTests.swift in Sources */,
			);
			runOnlyForDeploymentPostprocessing = 0;
		};
		21B694461C1D16A50091EBFA /* Sources */ = {
			isa = PBXSourcesBuildPhase;
			buildActionMask = 2147483647;
			files = (
				21B6944F1C1D16A50091EBFA /* KeikakuUITests.swift in Sources */,
			);
			runOnlyForDeploymentPostprocessing = 0;
		};
/* End PBXSourcesBuildPhase section */

/* Begin PBXTargetDependency section */
		21B694411C1D16A50091EBFA /* PBXTargetDependency */ = {
			isa = PBXTargetDependency;
			target = 21B6942A1C1D16A50091EBFA /* Keikaku */;
			targetProxy = 21B694401C1D16A50091EBFA /* PBXContainerItemProxy */;
		};
		21B6944C1C1D16A50091EBFA /* PBXTargetDependency */ = {
			isa = PBXTargetDependency;
			target = 21B6942A1C1D16A50091EBFA /* Keikaku */;
			targetProxy = 21B6944B1C1D16A50091EBFA /* PBXContainerItemProxy */;
		};
/* End PBXTargetDependency section */

/* Begin PBXVariantGroup section */
		21B694371C1D16A50091EBFA /* LaunchScreen.storyboard */ = {
			isa = PBXVariantGroup;
			children = (
				21B694381C1D16A50091EBFA /* Base */,
			);
			name = LaunchScreen.storyboard;
			sourceTree = "<group>";
		};
/* End PBXVariantGroup section */

/* Begin XCBuildConfiguration section */
		21B694511C1D16A50091EBFA /* Debug */ = {
			isa = XCBuildConfiguration;
			buildSettings = {
				ALWAYS_SEARCH_USER_PATHS = NO;
				CLANG_CXX_LANGUAGE_STANDARD = "gnu++0x";
				CLANG_CXX_LIBRARY = "libc++";
				CLANG_ENABLE_MODULES = YES;
				CLANG_ENABLE_OBJC_ARC = YES;
				CLANG_WARN_BOOL_CONVERSION = YES;
				CLANG_WARN_CONSTANT_CONVERSION = YES;
				CLANG_WARN_DIRECT_OBJC_ISA_USAGE = YES_ERROR;
				CLANG_WARN_EMPTY_BODY = YES;
				CLANG_WARN_ENUM_CONVERSION = YES;
				CLANG_WARN_INT_CONVERSION = YES;
				CLANG_WARN_OBJC_ROOT_CLASS = YES_ERROR;
				CLANG_WARN_UNREACHABLE_CODE = YES;
				CLANG_WARN__DUPLICATE_METHOD_MATCH = YES;
				"CODE_SIGN_IDENTITY[sdk=iphoneos*]" = "iPhone Developer";
				COPY_PHASE_STRIP = NO;
				DEBUG_INFORMATION_FORMAT = dwarf;
				ENABLE_STRICT_OBJC_MSGSEND = YES;
				ENABLE_TESTABILITY = YES;
				GCC_C_LANGUAGE_STANDARD = gnu99;
				GCC_DYNAMIC_NO_PIC = NO;
				GCC_NO_COMMON_BLOCKS = YES;
				GCC_OPTIMIZATION_LEVEL = 0;
				GCC_PREPROCESSOR_DEFINITIONS = (
					"DEBUG=1",
					"$(inherited)",
				);
				GCC_WARN_64_TO_32_BIT_CONVERSION = YES;
				GCC_WARN_ABOUT_RETURN_TYPE = YES_ERROR;
				GCC_WARN_UNDECLARED_SELECTOR = YES;
				GCC_WARN_UNINITIALIZED_AUTOS = YES_AGGRESSIVE;
				GCC_WARN_UNUSED_FUNCTION = YES;
				GCC_WARN_UNUSED_VARIABLE = YES;
				IPHONEOS_DEPLOYMENT_TARGET = 9.1;
				MTL_ENABLE_DEBUG_INFO = YES;
				ONLY_ACTIVE_ARCH = YES;
				SDKROOT = iphoneos;
				SWIFT_OPTIMIZATION_LEVEL = "-Onone";
			};
			name = Debug;
		};
		21B694521C1D16A50091EBFA /* Release */ = {
			isa = XCBuildConfiguration;
			buildSettings = {
				ALWAYS_SEARCH_USER_PATHS = NO;
				CLANG_CXX_LANGUAGE_STANDARD = "gnu++0x";
				CLANG_CXX_LIBRARY = "libc++";
				CLANG_ENABLE_MODULES = YES;
				CLANG_ENABLE_OBJC_ARC = YES;
				CLANG_WARN_BOOL_CONVERSION = YES;
				CLANG_WARN_CONSTANT_CONVERSION = YES;
				CLANG_WARN_DIRECT_OBJC_ISA_USAGE = YES_ERROR;
				CLANG_WARN_EMPTY_BODY = YES;
				CLANG_WARN_ENUM_CONVERSION = YES;
				CLANG_WARN_INT_CONVERSION = YES;
				CLANG_WARN_OBJC_ROOT_CLASS = YES_ERROR;
				CLANG_WARN_UNREACHABLE_CODE = YES;
				CLANG_WARN__DUPLICATE_METHOD_MATCH = YES;
				"CODE_SIGN_IDENTITY[sdk=iphoneos*]" = "iPhone Developer";
				COPY_PHASE_STRIP = NO;
				DEBUG_INFORMATION_FORMAT = "dwarf-with-dsym";
				ENABLE_NS_ASSERTIONS = NO;
				ENABLE_STRICT_OBJC_MSGSEND = YES;
				GCC_C_LANGUAGE_STANDARD = gnu99;
				GCC_NO_COMMON_BLOCKS = YES;
				GCC_WARN_64_TO_32_BIT_CONVERSION = YES;
				GCC_WARN_ABOUT_RETURN_TYPE = YES_ERROR;
				GCC_WARN_UNDECLARED_SELECTOR = YES;
				GCC_WARN_UNINITIALIZED_AUTOS = YES_AGGRESSIVE;
				GCC_WARN_UNUSED_FUNCTION = YES;
				GCC_WARN_UNUSED_VARIABLE = YES;
				IPHONEOS_DEPLOYMENT_TARGET = 9.1;
				MTL_ENABLE_DEBUG_INFO = NO;
				SDKROOT = iphoneos;
				VALIDATE_PRODUCT = YES;
			};
			name = Release;
		};
		21B694541C1D16A50091EBFA /* Debug */ = {
			isa = XCBuildConfiguration;
			buildSettings = {
				ASSETCATALOG_COMPILER_APPICON_NAME = AppIcon;
				INFOPLIST_FILE = Keikaku/Info.plist;
				LD_RUNPATH_SEARCH_PATHS = "$(inherited) @executable_path/Frameworks";
				PRODUCT_BUNDLE_IDENTIFIER = com.litch.Keikaku;
				PRODUCT_NAME = "$(TARGET_NAME)";
			};
			name = Debug;
		};
		21B694551C1D16A50091EBFA /* Release */ = {
			isa = XCBuildConfiguration;
			buildSettings = {
				ASSETCATALOG_COMPILER_APPICON_NAME = AppIcon;
				INFOPLIST_FILE = Keikaku/Info.plist;
				LD_RUNPATH_SEARCH_PATHS = "$(inherited) @executable_path/Frameworks";
				PRODUCT_BUNDLE_IDENTIFIER = com.litch.Keikaku;
				PRODUCT_NAME = "$(TARGET_NAME)";
			};
			name = Release;
		};
		21B694571C1D16A50091EBFA /* Debug */ = {
			isa = XCBuildConfiguration;
			buildSettings = {
				BUNDLE_LOADER = "$(TEST_HOST)";
				INFOPLIST_FILE = KeikakuTests/Info.plist;
				LD_RUNPATH_SEARCH_PATHS = "$(inherited) @executable_path/Frameworks @loader_path/Frameworks";
				PRODUCT_BUNDLE_IDENTIFIER = com.litch.KeikakuTests;
				PRODUCT_NAME = "$(TARGET_NAME)";
				TEST_HOST = "$(BUILT_PRODUCTS_DIR)/Keikaku.app/Keikaku";
			};
			name = Debug;
		};
		21B694581C1D16A50091EBFA /* Release */ = {
			isa = XCBuildConfiguration;
			buildSettings = {
				BUNDLE_LOADER = "$(TEST_HOST)";
				INFOPLIST_FILE = KeikakuTests/Info.plist;
				LD_RUNPATH_SEARCH_PATHS = "$(inherited) @executable_path/Frameworks @loader_path/Frameworks";
				PRODUCT_BUNDLE_IDENTIFIER = com.litch.KeikakuTests;
				PRODUCT_NAME = "$(TARGET_NAME)";
				TEST_HOST = "$(BUILT_PRODUCTS_DIR)/Keikaku.app/Keikaku";
			};
			name = Release;
		};
		21B6945A1C1D16A50091EBFA /* Debug */ = {
			isa = XCBuildConfiguration;
			buildSettings = {
				INFOPLIST_FILE = KeikakuUITests/Info.plist;
				LD_RUNPATH_SEARCH_PATHS = "$(inherited) @executable_path/Frameworks @loader_path/Frameworks";
				PRODUCT_BUNDLE_IDENTIFIER = com.litch.KeikakuUITests;
				PRODUCT_NAME = "$(TARGET_NAME)";
				TEST_TARGET_NAME = Keikaku;
				USES_XCTRUNNER = YES;
			};
			name = Debug;
		};
		21B6945B1C1D16A50091EBFA /* Release */ = {
			isa = XCBuildConfiguration;
			buildSettings = {
				INFOPLIST_FILE = KeikakuUITests/Info.plist;
				LD_RUNPATH_SEARCH_PATHS = "$(inherited) @executable_path/Frameworks @loader_path/Frameworks";
				PRODUCT_BUNDLE_IDENTIFIER = com.litch.KeikakuUITests;
				PRODUCT_NAME = "$(TARGET_NAME)";
				TEST_TARGET_NAME = Keikaku;
				USES_XCTRUNNER = YES;
			};
			name = Release;
		};
/* End XCBuildConfiguration section */

/* Begin XCConfigurationList section */
		21B694261C1D16A50091EBFA /* Build configuration list for PBXProject "Keikaku" */ = {
			isa = XCConfigurationList;
			buildConfigurations = (
				21B694511C1D16A50091EBFA /* Debug */,
				21B694521C1D16A50091EBFA /* Release */,
			);
			defaultConfigurationIsVisible = 0;
			defaultConfigurationName = Release;
		};
		21B694531C1D16A50091EBFA /* Build configuration list for PBXNativeTarget "Keikaku" */ = {
			isa = XCConfigurationList;
			buildConfigurations = (
				21B694541C1D16A50091EBFA /* Debug */,
				21B694551C1D16A50091EBFA /* Release */,
			);
			defaultConfigurationIsVisible = 0;
			defaultConfigurationName = Release;
		};
		21B694561C1D16A50091EBFA /* Build configuration list for PBXNativeTarget "KeikakuTests" */ = {
			isa = XCConfigurationList;
			buildConfigurations = (
				21B694571C1D16A50091EBFA /* Debug */,
				21B694581C1D16A50091EBFA /* Release */,
			);
			defaultConfigurationIsVisible = 0;
			defaultConfigurationName = Release;
		};
		21B694591C1D16A50091EBFA /* Build configuration list for PBXNativeTarget "KeikakuUITests" */ = {
			isa = XCConfigurationList;
			buildConfigurations = (
				21B6945A1C1D16A50091EBFA /* Debug */,
				21B6945B1C1D16A50091EBFA /* Release */,
			);
			defaultConfigurationIsVisible = 0;
			defaultConfigurationName = Release;
		};
/* End XCConfigurationList section */
	};
	rootObject = 21B694231C1D16A50091EBFA /* Project object */;
}
